
Microsoft Visual Studio Solution File, Format Version 11.00
# Visual Studio 2010
Project("{2150E333-8FDC-42A3-9474-1A3956D46DE8}") = "cli", "cli", "{7448DB9E-F012-4EF2-BFAA-7A03F4861DD5}"
EndProject
Project("{FAE04EC0-301F-11D3-BF4B-00C04F79EFBC}") = "DumpAllEntries", "cli\DumpAllEntries\DumpAllEntries.csproj", "{C75CA0A0-AA2A-4C28-A1FA-B0F51671F7DB}"
EndProject
Project("{FAE04EC0-301F-11D3-BF4B-00C04F79EFBC}") = "ModifyCategory", "cli\ModifyCategory\ModifyCategory.csproj", "{69B775E5-8B31-48F3-A71B-94AA5EF33F15}"
EndProject
Project("{FAE04EC0-301F-11D3-BF4B-00C04F79EFBC}") = "Login", "cli\Login\Login.csproj", "{EB061C25-6DFF-47EA-BF8E-0C1F22D1BBE8}"
EndProject
Project("{FAE04EC0-301F-11D3-BF4B-00C04F79EFBC}") = "ReplaceContentText", "cli\ReplaceContentText\ReplaceContentText.csproj", "{FC279681-6215-4880-93E6-65A9F7638F9B}"
EndProject
Project("{2150E333-8FDC-42A3-9474-1A3956D46DE8}") = "core", "core", "{88BC1CDA-25A5-47A5-8F8C-D188E82486F0}"
EndProject
Project("{FAE04EC0-301F-11D3-BF4B-00C04F79EFBC}") = "PostNewEntry", "cli\PostNewEntry\PostNewEntry.csproj", "{FF37175D-F68B-4720-8D9D-59532E026123}"
EndProject
Project("{FAE04EC0-301F-11D3-BF4B-00C04F79EFBC}") = "FixMixedContent", "cli\FixMixedContent\FixMixedContent.csproj", "{9D01166D-6274-4400-85A9-1B7A8C5BF9E2}"
EndProject
Project("{2150E333-8FDC-42A3-9474-1A3956D46DE8}") = "test", "test", "{9F54DDA1-D5B9-4E61-BD1B-C0EEE4E8D169}"
EndProject
Project("{FAE04EC0-301F-11D3-BF4B-00C04F79EFBC}") = "Smdn.Applications.HatenaBlogTools-netstandard", "core\Smdn.Applications.HatenaBlogTools\src\Smdn.Applications.HatenaBlogTools-netstandard.csproj", "{044211B6-DE06-4A87-AF3F-D9EEEA61EBB1}"
EndProject
Project("{FAE04EC0-301F-11D3-BF4B-00C04F79EFBC}") = "Smdn.Applications.HatenaBlogTools.Tests-netcoreapp", "test\HatenaBlogTools\Smdn.Applications.HatenaBlogTools.Tests-netcoreapp.csproj", "{B8FC01E8-B08B-40A6-8EDB-5239FC34C4B4}"
EndProject
Global
	GlobalSection(SolutionConfigurationPlatforms) = preSolution
		Debug|x86 = Debug|x86
		Release|x86 = Release|x86
	EndGlobalSection
	GlobalSection(ProjectConfigurationPlatforms) = postSolution
		{69B775E5-8B31-48F3-A71B-94AA5EF33F15}.Debug|x86.ActiveCfg = Debug|x86
		{69B775E5-8B31-48F3-A71B-94AA5EF33F15}.Debug|x86.Build.0 = Debug|x86
		{69B775E5-8B31-48F3-A71B-94AA5EF33F15}.Release|x86.ActiveCfg = Release|x86
		{69B775E5-8B31-48F3-A71B-94AA5EF33F15}.Release|x86.Build.0 = Release|x86
		{C75CA0A0-AA2A-4C28-A1FA-B0F51671F7DB}.Debug|x86.ActiveCfg = Debug|x86
		{C75CA0A0-AA2A-4C28-A1FA-B0F51671F7DB}.Debug|x86.Build.0 = Debug|x86
		{C75CA0A0-AA2A-4C28-A1FA-B0F51671F7DB}.Release|x86.ActiveCfg = Release|x86
		{C75CA0A0-AA2A-4C28-A1FA-B0F51671F7DB}.Release|x86.Build.0 = Release|x86
		{EB061C25-6DFF-47EA-BF8E-0C1F22D1BBE8}.Debug|x86.ActiveCfg = Debug|x86
		{EB061C25-6DFF-47EA-BF8E-0C1F22D1BBE8}.Debug|x86.Build.0 = Debug|x86
		{EB061C25-6DFF-47EA-BF8E-0C1F22D1BBE8}.Release|x86.ActiveCfg = Release|x86
		{EB061C25-6DFF-47EA-BF8E-0C1F22D1BBE8}.Release|x86.Build.0 = Release|x86
		{FC279681-6215-4880-93E6-65A9F7638F9B}.Debug|x86.ActiveCfg = Debug|x86
		{FC279681-6215-4880-93E6-65A9F7638F9B}.Debug|x86.Build.0 = Debug|x86
		{FC279681-6215-4880-93E6-65A9F7638F9B}.Release|x86.ActiveCfg = Release|x86
		{FC279681-6215-4880-93E6-65A9F7638F9B}.Release|x86.Build.0 = Release|x86
		{FF37175D-F68B-4720-8D9D-59532E026123}.Debug|x86.ActiveCfg = Debug|Any CPU
		{FF37175D-F68B-4720-8D9D-59532E026123}.Debug|x86.Build.0 = Debug|Any CPU
		{FF37175D-F68B-4720-8D9D-59532E026123}.Release|x86.ActiveCfg = Release|Any CPU
		{FF37175D-F68B-4720-8D9D-59532E026123}.Release|x86.Build.0 = Release|Any CPU
		{9D01166D-6274-4400-85A9-1B7A8C5BF9E2}.Debug|x86.ActiveCfg = Debug|Any CPU
		{9D01166D-6274-4400-85A9-1B7A8C5BF9E2}.Debug|x86.Build.0 = Debug|Any CPU
		{9D01166D-6274-4400-85A9-1B7A8C5BF9E2}.Release|x86.ActiveCfg = Release|Any CPU
		{9D01166D-6274-4400-85A9-1B7A8C5BF9E2}.Release|x86.Build.0 = Release|Any CPU
		{044211B6-DE06-4A87-AF3F-D9EEEA61EBB1}.Debug|x86.ActiveCfg = Debug|Any CPU
		{044211B6-DE06-4A87-AF3F-D9EEEA61EBB1}.Debug|x86.Build.0 = Debug|Any CPU
		{044211B6-DE06-4A87-AF3F-D9EEEA61EBB1}.Release|x86.ActiveCfg = Release|Any CPU
		{044211B6-DE06-4A87-AF3F-D9EEEA61EBB1}.Release|x86.Build.0 = Release|Any CPU
		{B8FC01E8-B08B-40A6-8EDB-5239FC34C4B4}.Debug|x86.ActiveCfg = Debug|Any CPU
		{B8FC01E8-B08B-40A6-8EDB-5239FC34C4B4}.Debug|x86.Build.0 = Debug|Any CPU
		{B8FC01E8-B08B-40A6-8EDB-5239FC34C4B4}.Release|x86.ActiveCfg = Release|Any CPU
		{B8FC01E8-B08B-40A6-8EDB-5239FC34C4B4}.Release|x86.Build.0 = Release|Any CPU
	EndGlobalSection
	GlobalSection(NestedProjects) = preSolution
		{C75CA0A0-AA2A-4C28-A1FA-B0F51671F7DB} = {7448DB9E-F012-4EF2-BFAA-7A03F4861DD5}
		{69B775E5-8B31-48F3-A71B-94AA5EF33F15} = {7448DB9E-F012-4EF2-BFAA-7A03F4861DD5}
		{EB061C25-6DFF-47EA-BF8E-0C1F22D1BBE8} = {7448DB9E-F012-4EF2-BFAA-7A03F4861DD5}
		{FC279681-6215-4880-93E6-65A9F7638F9B} = {7448DB9E-F012-4EF2-BFAA-7A03F4861DD5}
		{FF37175D-F68B-4720-8D9D-59532E026123} = {7448DB9E-F012-4EF2-BFAA-7A03F4861DD5}
		{9D01166D-6274-4400-85A9-1B7A8C5BF9E2} = {7448DB9E-F012-4EF2-BFAA-7A03F4861DD5}
		{044211B6-DE06-4A87-AF3F-D9EEEA61EBB1} = {88BC1CDA-25A5-47A5-8F8C-D188E82486F0}
		{B8FC01E8-B08B-40A6-8EDB-5239FC34C4B4} = {9F54DDA1-D5B9-4E61-BD1B-C0EEE4E8D169}
	EndGlobalSection
	GlobalSection(MonoDevelopProperties) = preSolution
		StartupItem = cli\DumpAllEntries\DumpAllEntries.csproj
	EndGlobalSection
EndGlobal
