
Microsoft Visual Studio Solution File, Format Version 12.00
# Visual Studio 15
Project("{FAE04EC0-301F-11D3-BF4B-00C04F79EFBC}") = "Smdn.Applications.HatenaBlogTools.Tests", "Smdn.Applications.HatenaBlogTools.Tests.csproj", "{FCEE6A28-B1B6-4B4F-99AB-BD2EE3C30CDF}"
EndProject
Project("{FAE04EC0-301F-11D3-BF4B-00C04F79EFBC}") = "Smdn.Applications.HatenaBlogTools", "..\src\Smdn.Applications.HatenaBlogTools.csproj", "{2AC2B5F3-9ED6-4917-97D5-FC5CE6E3486A}"
EndProject
Global
	GlobalSection(SolutionConfigurationPlatforms) = preSolution
		Debug|Any CPU = Debug|Any CPU
		Release|Any CPU = Release|Any CPU
	EndGlobalSection
	GlobalSection(ProjectConfigurationPlatforms) = postSolution
		{FCEE6A28-B1B6-4B4F-99AB-BD2EE3C30CDF}.Debug|Any CPU.ActiveCfg = Debug|Any CPU
		{FCEE6A28-B1B6-4B4F-99AB-BD2EE3C30CDF}.Debug|Any CPU.Build.0 = Debug|Any CPU
		{FCEE6A28-B1B6-4B4F-99AB-BD2EE3C30CDF}.Release|Any CPU.ActiveCfg = Release|Any CPU
		{FCEE6A28-B1B6-4B4F-99AB-BD2EE3C30CDF}.Release|Any CPU.Build.0 = Release|Any CPU
		{2AC2B5F3-9ED6-4917-97D5-FC5CE6E3486A}.Debug|Any CPU.ActiveCfg = Debug|Any CPU
		{2AC2B5F3-9ED6-4917-97D5-FC5CE6E3486A}.Debug|Any CPU.Build.0 = Debug|Any CPU
		{2AC2B5F3-9ED6-4917-97D5-FC5CE6E3486A}.Release|Any CPU.ActiveCfg = Release|Any CPU
		{2AC2B5F3-9ED6-4917-97D5-FC5CE6E3486A}.Release|Any CPU.Build.0 = Release|Any CPU
	EndGlobalSection
EndGlobal
