
Microsoft Visual Studio Solution File, Format Version 12.00
# Visual Studio Version 17
VisualStudioVersion = 17.0.31903.59
MinimumVisualStudioVersion = 10.0.40219.1
Project("{FAE04EC0-301F-11D3-BF4B-00C04F79EFBC}") = "DumpAllEntries", "DumpAllEntries\DumpAllEntries.csproj", "{D0C9B632-C749-4323-8881-ACA5E4E123EA}"
EndProject
Project("{FAE04EC0-301F-11D3-BF4B-00C04F79EFBC}") = "FixMixedContent", "FixMixedContent\FixMixedContent.csproj", "{EBB1A314-6466-47BB-9A28-CED997834EFE}"
EndProject
Project("{FAE04EC0-301F-11D3-BF4B-00C04F79EFBC}") = "Login", "Login\Login.csproj", "{C1E55DA7-CF46-4366-9834-4FE7E5ED99C4}"
EndProject
Project("{FAE04EC0-301F-11D3-BF4B-00C04F79EFBC}") = "ModifyCategory", "ModifyCategory\ModifyCategory.csproj", "{785D67CF-98F6-4870-92E1-656DDFBE9248}"
EndProject
Project("{FAE04EC0-301F-11D3-BF4B-00C04F79EFBC}") = "PostNewEntry", "PostNewEntry\PostNewEntry.csproj", "{DE5CFFFA-0A64-4D27-A806-14521361F0E3}"
EndProject
Global
	GlobalSection(SolutionConfigurationPlatforms) = preSolution
		Debug|Any CPU = Debug|Any CPU
		Release|Any CPU = Release|Any CPU
	EndGlobalSection
	GlobalSection(SolutionProperties) = preSolution
		HideSolutionNode = FALSE
	EndGlobalSection
	GlobalSection(ProjectConfigurationPlatforms) = postSolution
		{D0C9B632-C749-4323-8881-ACA5E4E123EA}.Debug|Any CPU.ActiveCfg = Debug|Any CPU
		{D0C9B632-C749-4323-8881-ACA5E4E123EA}.Debug|Any CPU.Build.0 = Debug|Any CPU
		{D0C9B632-C749-4323-8881-ACA5E4E123EA}.Release|Any CPU.ActiveCfg = Release|Any CPU
		{D0C9B632-C749-4323-8881-ACA5E4E123EA}.Release|Any CPU.Build.0 = Release|Any CPU
		{EBB1A314-6466-47BB-9A28-CED997834EFE}.Debug|Any CPU.ActiveCfg = Debug|Any CPU
		{EBB1A314-6466-47BB-9A28-CED997834EFE}.Debug|Any CPU.Build.0 = Debug|Any CPU
		{EBB1A314-6466-47BB-9A28-CED997834EFE}.Release|Any CPU.ActiveCfg = Release|Any CPU
		{EBB1A314-6466-47BB-9A28-CED997834EFE}.Release|Any CPU.Build.0 = Release|Any CPU
		{C1E55DA7-CF46-4366-9834-4FE7E5ED99C4}.Debug|Any CPU.ActiveCfg = Debug|Any CPU
		{C1E55DA7-CF46-4366-9834-4FE7E5ED99C4}.Debug|Any CPU.Build.0 = Debug|Any CPU
		{C1E55DA7-CF46-4366-9834-4FE7E5ED99C4}.Release|Any CPU.ActiveCfg = Release|Any CPU
		{C1E55DA7-CF46-4366-9834-4FE7E5ED99C4}.Release|Any CPU.Build.0 = Release|Any CPU
		{785D67CF-98F6-4870-92E1-656DDFBE9248}.Debug|Any CPU.ActiveCfg = Debug|Any CPU
		{785D67CF-98F6-4870-92E1-656DDFBE9248}.Debug|Any CPU.Build.0 = Debug|Any CPU
		{785D67CF-98F6-4870-92E1-656DDFBE9248}.Release|Any CPU.ActiveCfg = Release|Any CPU
		{785D67CF-98F6-4870-92E1-656DDFBE9248}.Release|Any CPU.Build.0 = Release|Any CPU
		{DE5CFFFA-0A64-4D27-A806-14521361F0E3}.Debug|Any CPU.ActiveCfg = Debug|Any CPU
		{DE5CFFFA-0A64-4D27-A806-14521361F0E3}.Debug|Any CPU.Build.0 = Debug|Any CPU
		{DE5CFFFA-0A64-4D27-A806-14521361F0E3}.Release|Any CPU.ActiveCfg = Release|Any CPU
		{DE5CFFFA-0A64-4D27-A806-14521361F0E3}.Release|Any CPU.Build.0 = Release|Any CPU
	EndGlobalSection
EndGlobal
